// !$*UTF8*$!
{
	archiveVersion = 1;
	classes = {
	};
	objectVersion = 50;
	objects = {

/* Begin PBXBuildFile section */
		F7952F3C2197E18600EF5A6B /* AppDelegate.swift in Sources */ = {isa = PBXBuildFile; fileRef = F7952F3B2197E18600EF5A6B /* AppDelegate.swift */; };
		F7952F3E2197E18600EF5A6B /* ViewController.swift in Sources */ = {isa = PBXBuildFile; fileRef = F7952F3D2197E18600EF5A6B /* ViewController.swift */; };
		F7952F412197E18600EF5A6B /* Main.storyboard in Resources */ = {isa = PBXBuildFile; fileRef = F7952F3F2197E18600EF5A6B /* Main.storyboard */; };
		F7952F432197E18700EF5A6B /* Assets.xcassets in Resources */ = {isa = PBXBuildFile; fileRef = F7952F422197E18700EF5A6B /* Assets.xcassets */; };
		F7952F462197E18700EF5A6B /* LaunchScreen.storyboard in Resources */ = {isa = PBXBuildFile; fileRef = F7952F442197E18700EF5A6B /* LaunchScreen.storyboard */; };
		F7952F512197E18800EF5A6B /* Toy2Tests.swift in Sources */ = {isa = PBXBuildFile; fileRef = F7952F502197E18800EF5A6B /* Toy2Tests.swift */; };
		F7952F5C2197E18800EF5A6B /* Toy2UITests.swift in Sources */ = {isa = PBXBuildFile; fileRef = F7952F5B2197E18800EF5A6B /* Toy2UITests.swift */; };
		F7952F6A21A71A5E00EF5A6B /* PotatoTableViewController.swift in Sources */ = {isa = PBXBuildFile; fileRef = F7952F6921A71A5E00EF5A6B /* PotatoTableViewController.swift */; };
		F7952F6C21A71A8700EF5A6B /* PotatoTableViewCell.swift in Sources */ = {isa = PBXBuildFile; fileRef = F7952F6B21A71A8700EF5A6B /* PotatoTableViewCell.swift */; };
		F7952F6F21A7251100EF5A6B /* Potato.swift in Sources */ = {isa = PBXBuildFile; fileRef = F7952F6E21A7251100EF5A6B /* Potato.swift */; };
		F7952F7121A7351600EF5A6B /* ProfileViewController.swift in Sources */ = {isa = PBXBuildFile; fileRef = F7952F7021A7351600EF5A6B /* ProfileViewController.swift */; };
		F7952F7321A8EC5F00EF5A6B /* AddPotatoViewController.swift in Sources */ = {isa = PBXBuildFile; fileRef = F7952F7221A8EC5F00EF5A6B /* AddPotatoViewController.swift */; };
		F7952F7521A8EC9800EF5A6B /* AddPotatoCell.swift in Sources */ = {isa = PBXBuildFile; fileRef = F7952F7421A8EC9800EF5A6B /* AddPotatoCell.swift */; };
/* End PBXBuildFile section */

/* Begin PBXContainerItemProxy section */
		F7952F4D2197E18800EF5A6B /* PBXContainerItemProxy */ = {
			isa = PBXContainerItemProxy;
			containerPortal = F7952F302197E18500EF5A6B /* Project object */;
			proxyType = 1;
			remoteGlobalIDString = F7952F372197E18600EF5A6B;
			remoteInfo = Toy2;
		};
		F7952F582197E18800EF5A6B /* PBXContainerItemProxy */ = {
			isa = PBXContainerItemProxy;
			containerPortal = F7952F302197E18500EF5A6B /* Project object */;
			proxyType = 1;
			remoteGlobalIDString = F7952F372197E18600EF5A6B;
			remoteInfo = Toy2;
		};
/* End PBXContainerItemProxy section */

/* Begin PBXFileReference section */
		F7952F382197E18600EF5A6B /* Toy2.app */ = {isa = PBXFileReference; explicitFileType = wrapper.application; includeInIndex = 0; path = Toy2.app; sourceTree = BUILT_PRODUCTS_DIR; };
		F7952F3B2197E18600EF5A6B /* AppDelegate.swift */ = {isa = PBXFileReference; lastKnownFileType = sourcecode.swift; path = AppDelegate.swift; sourceTree = "<group>"; };
		F7952F3D2197E18600EF5A6B /* ViewController.swift */ = {isa = PBXFileReference; lastKnownFileType = sourcecode.swift; path = ViewController.swift; sourceTree = "<group>"; };
		F7952F402197E18600EF5A6B /* Base */ = {isa = PBXFileReference; lastKnownFileType = file.storyboard; name = Base; path = Base.lproj/Main.storyboard; sourceTree = "<group>"; };
		F7952F422197E18700EF5A6B /* Assets.xcassets */ = {isa = PBXFileReference; lastKnownFileType = folder.assetcatalog; path = Assets.xcassets; sourceTree = "<group>"; };
		F7952F452197E18700EF5A6B /* Base */ = {isa = PBXFileReference; lastKnownFileType = file.storyboard; name = Base; path = Base.lproj/LaunchScreen.storyboard; sourceTree = "<group>"; };
		F7952F472197E18700EF5A6B /* Info.plist */ = {isa = PBXFileReference; lastKnownFileType = text.plist.xml; path = Info.plist; sourceTree = "<group>"; };
		F7952F4C2197E18800EF5A6B /* Toy2Tests.xctest */ = {isa = PBXFileReference; explicitFileType = wrapper.cfbundle; includeInIndex = 0; path = Toy2Tests.xctest; sourceTree = BUILT_PRODUCTS_DIR; };
		F7952F502197E18800EF5A6B /* Toy2Tests.swift */ = {isa = PBXFileReference; lastKnownFileType = sourcecode.swift; path = Toy2Tests.swift; sourceTree = "<group>"; };
		F7952F522197E18800EF5A6B /* Info.plist */ = {isa = PBXFileReference; lastKnownFileType = text.plist.xml; path = Info.plist; sourceTree = "<group>"; };
		F7952F572197E18800EF5A6B /* Toy2UITests.xctest */ = {isa = PBXFileReference; explicitFileType = wrapper.cfbundle; includeInIndex = 0; path = Toy2UITests.xctest; sourceTree = BUILT_PRODUCTS_DIR; };
		F7952F5B2197E18800EF5A6B /* Toy2UITests.swift */ = {isa = PBXFileReference; lastKnownFileType = sourcecode.swift; path = Toy2UITests.swift; sourceTree = "<group>"; };
		F7952F5D2197E18800EF5A6B /* Info.plist */ = {isa = PBXFileReference; lastKnownFileType = text.plist.xml; path = Info.plist; sourceTree = "<group>"; };
		F7952F6921A71A5E00EF5A6B /* PotatoTableViewController.swift */ = {isa = PBXFileReference; lastKnownFileType = sourcecode.swift; path = PotatoTableViewController.swift; sourceTree = "<group>"; };
		F7952F6B21A71A8700EF5A6B /* PotatoTableViewCell.swift */ = {isa = PBXFileReference; lastKnownFileType = sourcecode.swift; path = PotatoTableViewCell.swift; sourceTree = "<group>"; };
		F7952F6E21A7251100EF5A6B /* Potato.swift */ = {isa = PBXFileReference; lastKnownFileType = sourcecode.swift; path = Potato.swift; sourceTree = "<group>"; };
		F7952F7021A7351600EF5A6B /* ProfileViewController.swift */ = {isa = PBXFileReference; lastKnownFileType = sourcecode.swift; path = ProfileViewController.swift; sourceTree = "<group>"; };
		F7952F7221A8EC5F00EF5A6B /* AddPotatoViewController.swift */ = {isa = PBXFileReference; lastKnownFileType = sourcecode.swift; path = AddPotatoViewController.swift; sourceTree = "<group>"; };
		F7952F7421A8EC9800EF5A6B /* AddPotatoCell.swift */ = {isa = PBXFileReference; lastKnownFileType = sourcecode.swift; path = AddPotatoCell.swift; sourceTree = "<group>"; };
/* End PBXFileReference section */

/* Begin PBXFrameworksBuildPhase section */
		F7952F352197E18600EF5A6B /* Frameworks */ = {
			isa = PBXFrameworksBuildPhase;
			buildActionMask = 2147483647;
			files = (
			);
			runOnlyForDeploymentPostprocessing = 0;
		};
		F7952F492197E18800EF5A6B /* Frameworks */ = {
			isa = PBXFrameworksBuildPhase;
			buildActionMask = 2147483647;
			files = (
			);
			runOnlyForDeploymentPostprocessing = 0;
		};
		F7952F542197E18800EF5A6B /* Frameworks */ = {
			isa = PBXFrameworksBuildPhase;
			buildActionMask = 2147483647;
			files = (
			);
			runOnlyForDeploymentPostprocessing = 0;
		};
/* End PBXFrameworksBuildPhase section */

/* Begin PBXGroup section */
		F7952F2F2197E18500EF5A6B = {
			isa = PBXGroup;
			children = (
				F7952F3A2197E18600EF5A6B /* Toy2 */,
				F7952F4F2197E18800EF5A6B /* Toy2Tests */,
				F7952F5A2197E18800EF5A6B /* Toy2UITests */,
				F7952F392197E18600EF5A6B /* Products */,
			);
			sourceTree = "<group>";
		};
		F7952F392197E18600EF5A6B /* Products */ = {
			isa = PBXGroup;
			children = (
				F7952F382197E18600EF5A6B /* Toy2.app */,
				F7952F4C2197E18800EF5A6B /* Toy2Tests.xctest */,
				F7952F572197E18800EF5A6B /* Toy2UITests.xctest */,
			);
			name = Products;
			sourceTree = "<group>";
		};
		F7952F3A2197E18600EF5A6B /* Toy2 */ = {
			isa = PBXGroup;
			children = (
				F7952F6D21A724CB00EF5A6B /* Models */,
				F7952F3B2197E18600EF5A6B /* AppDelegate.swift */,
				F7952F3D2197E18600EF5A6B /* ViewController.swift */,
				F7952F6921A71A5E00EF5A6B /* PotatoTableViewController.swift */,
				F7952F7021A7351600EF5A6B /* ProfileViewController.swift */,
				F7952F6B21A71A8700EF5A6B /* PotatoTableViewCell.swift */,
				F7952F7221A8EC5F00EF5A6B /* AddPotatoViewController.swift */,
				F7952F7421A8EC9800EF5A6B /* AddPotatoCell.swift */,
				F7952F3F2197E18600EF5A6B /* Main.storyboard */,
				F7952F422197E18700EF5A6B /* Assets.xcassets */,
				F7952F442197E18700EF5A6B /* LaunchScreen.storyboard */,
				F7952F472197E18700EF5A6B /* Info.plist */,
			);
			path = Toy2;
			sourceTree = "<group>";
		};
		F7952F4F2197E18800EF5A6B /* Toy2Tests */ = {
			isa = PBXGroup;
			children = (
				F7952F502197E18800EF5A6B /* Toy2Tests.swift */,
				F7952F522197E18800EF5A6B /* Info.plist */,
			);
			path = Toy2Tests;
			sourceTree = "<group>";
		};
		F7952F5A2197E18800EF5A6B /* Toy2UITests */ = {
			isa = PBXGroup;
			children = (
				F7952F5B2197E18800EF5A6B /* Toy2UITests.swift */,
				F7952F5D2197E18800EF5A6B /* Info.plist */,
			);
			path = Toy2UITests;
			sourceTree = "<group>";
		};
		F7952F6D21A724CB00EF5A6B /* Models */ = {
			isa = PBXGroup;
			children = (
				F7952F6E21A7251100EF5A6B /* Potato.swift */,
			);
			path = Models;
			sourceTree = "<group>";
		};
/* End PBXGroup section */

/* Begin PBXNativeTarget section */
		F7952F372197E18600EF5A6B /* Toy2 */ = {
			isa = PBXNativeTarget;
			buildConfigurationList = F7952F602197E18800EF5A6B /* Build configuration list for PBXNativeTarget "Toy2" */;
			buildPhases = (
				F7952F342197E18600EF5A6B /* Sources */,
				F7952F352197E18600EF5A6B /* Frameworks */,
				F7952F362197E18600EF5A6B /* Resources */,
			);
			buildRules = (
			);
			dependencies = (
			);
			name = Toy2;
			productName = Toy2;
			productReference = F7952F382197E18600EF5A6B /* Toy2.app */;
			productType = "com.apple.product-type.application";
		};
		F7952F4B2197E18800EF5A6B /* Toy2Tests */ = {
			isa = PBXNativeTarget;
			buildConfigurationList = F7952F632197E18800EF5A6B /* Build configuration list for PBXNativeTarget "Toy2Tests" */;
			buildPhases = (
				F7952F482197E18800EF5A6B /* Sources */,
				F7952F492197E18800EF5A6B /* Frameworks */,
				F7952F4A2197E18800EF5A6B /* Resources */,
			);
			buildRules = (
			);
			dependencies = (
				F7952F4E2197E18800EF5A6B /* PBXTargetDependency */,
			);
			name = Toy2Tests;
			productName = Toy2Tests;
			productReference = F7952F4C2197E18800EF5A6B /* Toy2Tests.xctest */;
			productType = "com.apple.product-type.bundle.unit-test";
		};
		F7952F562197E18800EF5A6B /* Toy2UITests */ = {
			isa = PBXNativeTarget;
			buildConfigurationList = F7952F662197E18800EF5A6B /* Build configuration list for PBXNativeTarget "Toy2UITests" */;
			buildPhases = (
				F7952F532197E18800EF5A6B /* Sources */,
				F7952F542197E18800EF5A6B /* Frameworks */,
				F7952F552197E18800EF5A6B /* Resources */,
			);
			buildRules = (
			);
			dependencies = (
				F7952F592197E18800EF5A6B /* PBXTargetDependency */,
			);
			name = Toy2UITests;
			productName = Toy2UITests;
			productReference = F7952F572197E18800EF5A6B /* Toy2UITests.xctest */;
			productType = "com.apple.product-type.bundle.ui-testing";
		};
/* End PBXNativeTarget section */

/* Begin PBXProject section */
		F7952F302197E18500EF5A6B /* Project object */ = {
			isa = PBXProject;
			attributes = {
				KnownAssetTags = (
					Label,
				);
				LastSwiftUpdateCheck = 1010;
				LastUpgradeCheck = 1010;
				ORGANIZATIONNAME = "Moriz Schildorfer";
				TargetAttributes = {
					F7952F372197E18600EF5A6B = {
						CreatedOnToolsVersion = 10.1;
					};
					F7952F4B2197E18800EF5A6B = {
						CreatedOnToolsVersion = 10.1;
						TestTargetID = F7952F372197E18600EF5A6B;
					};
					F7952F562197E18800EF5A6B = {
						CreatedOnToolsVersion = 10.1;
						TestTargetID = F7952F372197E18600EF5A6B;
					};
				};
			};
			buildConfigurationList = F7952F332197E18500EF5A6B /* Build configuration list for PBXProject "Toy2" */;
			compatibilityVersion = "Xcode 9.3";
			developmentRegion = en;
			hasScannedForEncodings = 0;
			knownRegions = (
				en,
				Base,
			);
			mainGroup = F7952F2F2197E18500EF5A6B;
			productRefGroup = F7952F392197E18600EF5A6B /* Products */;
			projectDirPath = "";
			projectRoot = "";
			targets = (
				F7952F372197E18600EF5A6B /* Toy2 */,
				F7952F4B2197E18800EF5A6B /* Toy2Tests */,
				F7952F562197E18800EF5A6B /* Toy2UITests */,
			);
		};
/* End PBXProject section */

/* Begin PBXResourcesBuildPhase section */
		F7952F362197E18600EF5A6B /* Resources */ = {
			isa = PBXResourcesBuildPhase;
			buildActionMask = 2147483647;
			files = (
				F7952F462197E18700EF5A6B /* LaunchScreen.storyboard in Resources */,
				F7952F432197E18700EF5A6B /* Assets.xcassets in Resources */,
				F7952F412197E18600EF5A6B /* Main.storyboard in Resources */,
			);
			runOnlyForDeploymentPostprocessing = 0;
		};
		F7952F4A2197E18800EF5A6B /* Resources */ = {
			isa = PBXResourcesBuildPhase;
			buildActionMask = 2147483647;
			files = (
			);
			runOnlyForDeploymentPostprocessing = 0;
		};
		F7952F552197E18800EF5A6B /* Resources */ = {
			isa = PBXResourcesBuildPhase;
			buildActionMask = 2147483647;
			files = (
			);
			runOnlyForDeploymentPostprocessing = 0;
		};
/* End PBXResourcesBuildPhase section */

/* Begin PBXSourcesBuildPhase section */
		F7952F342197E18600EF5A6B /* Sources */ = {
			isa = PBXSourcesBuildPhase;
			buildActionMask = 2147483647;
			files = (
				F7952F7121A7351600EF5A6B /* ProfileViewController.swift in Sources */,
				F7952F6A21A71A5E00EF5A6B /* PotatoTableViewController.swift in Sources */,
				F7952F6F21A7251100EF5A6B /* Potato.swift in Sources */,
				F7952F3E2197E18600EF5A6B /* ViewController.swift in Sources */,
				F7952F6C21A71A8700EF5A6B /* PotatoTableViewCell.swift in Sources */,
				F7952F3C2197E18600EF5A6B /* AppDelegate.swift in Sources */,
				F7952F7521A8EC9800EF5A6B /* AddPotatoCell.swift in Sources */,
				F7952F7321A8EC5F00EF5A6B /* AddPotatoViewController.swift in Sources */,
			);
			runOnlyForDeploymentPostprocessing = 0;
		};
		F7952F482197E18800EF5A6B /* Sources */ = {
			isa = PBXSourcesBuildPhase;
			buildActionMask = 2147483647;
			files = (
				F7952F512197E18800EF5A6B /* Toy2Tests.swift in Sources */,
			);
			runOnlyForDeploymentPostprocessing = 0;
		};
		F7952F532197E18800EF5A6B /* Sources */ = {
			isa = PBXSourcesBuildPhase;
			buildActionMask = 2147483647;
			files = (
				F7952F5C2197E18800EF5A6B /* Toy2UITests.swift in Sources */,
			);
			runOnlyForDeploymentPostprocessing = 0;
		};
/* End PBXSourcesBuildPhase section */

/* Begin PBXTargetDependency section */
		F7952F4E2197E18800EF5A6B /* PBXTargetDependency */ = {
			isa = PBXTargetDependency;
			target = F7952F372197E18600EF5A6B /* Toy2 */;
			targetProxy = F7952F4D2197E18800EF5A6B /* PBXContainerItemProxy */;
		};
		F7952F592197E18800EF5A6B /* PBXTargetDependency */ = {
			isa = PBXTargetDependency;
			target = F7952F372197E18600EF5A6B /* Toy2 */;
			targetProxy = F7952F582197E18800EF5A6B /* PBXContainerItemProxy */;
		};
/* End PBXTargetDependency section */

/* Begin PBXVariantGroup section */
		F7952F3F2197E18600EF5A6B /* Main.storyboard */ = {
			isa = PBXVariantGroup;
			children = (
				F7952F402197E18600EF5A6B /* Base */,
			);
			name = Main.storyboard;
			sourceTree = "<group>";
		};
		F7952F442197E18700EF5A6B /* LaunchScreen.storyboard */ = {
			isa = PBXVariantGroup;
			children = (
				F7952F452197E18700EF5A6B /* Base */,
			);
			name = LaunchScreen.storyboard;
			sourceTree = "<group>";
		};
/* End PBXVariantGroup section */

/* Begin XCBuildConfiguration section */
		F7952F5E2197E18800EF5A6B /* Debug */ = {
			isa = XCBuildConfiguration;
			buildSettings = {
				ALWAYS_SEARCH_USER_PATHS = NO;
				CLANG_ANALYZER_NONNULL = YES;
				CLANG_ANALYZER_NUMBER_OBJECT_CONVERSION = YES_AGGRESSIVE;
				CLANG_CXX_LANGUAGE_STANDARD = "gnu++14";
				CLANG_CXX_LIBRARY = "libc++";
				CLANG_ENABLE_MODULES = YES;
				CLANG_ENABLE_OBJC_ARC = YES;
				CLANG_ENABLE_OBJC_WEAK = YES;
				CLANG_WARN_BLOCK_CAPTURE_AUTORELEASING = YES;
				CLANG_WARN_BOOL_CONVERSION = YES;
				CLANG_WARN_COMMA = YES;
				CLANG_WARN_CONSTANT_CONVERSION = YES;
				CLANG_WARN_DEPRECATED_OBJC_IMPLEMENTATIONS = YES;
				CLANG_WARN_DIRECT_OBJC_ISA_USAGE = YES_ERROR;
				CLANG_WARN_DOCUMENTATION_COMMENTS = YES;
				CLANG_WARN_EMPTY_BODY = YES;
				CLANG_WARN_ENUM_CONVERSION = YES;
				CLANG_WARN_INFINITE_RECURSION = YES;
				CLANG_WARN_INT_CONVERSION = YES;
				CLANG_WARN_NON_LITERAL_NULL_CONVERSION = YES;
				CLANG_WARN_OBJC_IMPLICIT_RETAIN_SELF = YES;
				CLANG_WARN_OBJC_LITERAL_CONVERSION = YES;
				CLANG_WARN_OBJC_ROOT_CLASS = YES_ERROR;
				CLANG_WARN_RANGE_LOOP_ANALYSIS = YES;
				CLANG_WARN_STRICT_PROTOTYPES = YES;
				CLANG_WARN_SUSPICIOUS_MOVE = YES;
				CLANG_WARN_UNGUARDED_AVAILABILITY = YES_AGGRESSIVE;
				CLANG_WARN_UNREACHABLE_CODE = YES;
				CLANG_WARN__DUPLICATE_METHOD_MATCH = YES;
				CODE_SIGN_IDENTITY = "iPhone Developer";
				COPY_PHASE_STRIP = NO;
				DEBUG_INFORMATION_FORMAT = dwarf;
				ENABLE_STRICT_OBJC_MSGSEND = YES;
				ENABLE_TESTABILITY = YES;
				GCC_C_LANGUAGE_STANDARD = gnu11;
				GCC_DYNAMIC_NO_PIC = NO;
				GCC_NO_COMMON_BLOCKS = YES;
				GCC_OPTIMIZATION_LEVEL = 0;
				GCC_PREPROCESSOR_DEFINITIONS = (
					"DEBUG=1",
					"$(inherited)",
				);
				GCC_WARN_64_TO_32_BIT_CONVERSION = YES;
				GCC_WARN_ABOUT_RETURN_TYPE = YES_ERROR;
				GCC_WARN_UNDECLARED_SELECTOR = YES;
				GCC_WARN_UNINITIALIZED_AUTOS = YES_AGGRESSIVE;
				GCC_WARN_UNUSED_FUNCTION = YES;
				GCC_WARN_UNUSED_VARIABLE = YES;
				IPHONEOS_DEPLOYMENT_TARGET = 12.1;
				MTL_ENABLE_DEBUG_INFO = INCLUDE_SOURCE;
				MTL_FAST_MATH = YES;
				ONLY_ACTIVE_ARCH = YES;
				SDKROOT = iphoneos;
				SWIFT_ACTIVE_COMPILATION_CONDITIONS = DEBUG;
				SWIFT_OPTIMIZATION_LEVEL = "-Onone";
			};
			name = Debug;
		};
		F7952F5F2197E18800EF5A6B /* Release */ = {
			isa = XCBuildConfiguration;
			buildSettings = {
				ALWAYS_SEARCH_USER_PATHS = NO;
				CLANG_ANALYZER_NONNULL = YES;
				CLANG_ANALYZER_NUMBER_OBJECT_CONVERSION = YES_AGGRESSIVE;
				CLANG_CXX_LANGUAGE_STANDARD = "gnu++14";
				CLANG_CXX_LIBRARY = "libc++";
				CLANG_ENABLE_MODULES = YES;
				CLANG_ENABLE_OBJC_ARC = YES;
				CLANG_ENABLE_OBJC_WEAK = YES;
				CLANG_WARN_BLOCK_CAPTURE_AUTORELEASING = YES;
				CLANG_WARN_BOOL_CONVERSION = YES;
				CLANG_WARN_COMMA = YES;
				CLANG_WARN_CONSTANT_CONVERSION = YES;
				CLANG_WARN_DEPRECATED_OBJC_IMPLEMENTATIONS = YES;
				CLANG_WARN_DIRECT_OBJC_ISA_USAGE = YES_ERROR;
				CLANG_WARN_DOCUMENTATION_COMMENTS = YES;
				CLANG_WARN_EMPTY_BODY = YES;
				CLANG_WARN_ENUM_CONVERSION = YES;
				CLANG_WARN_INFINITE_RECURSION = YES;
				CLANG_WARN_INT_CONVERSION = YES;
				CLANG_WARN_NON_LITERAL_NULL_CONVERSION = YES;
				CLANG_WARN_OBJC_IMPLICIT_RETAIN_SELF = YES;
				CLANG_WARN_OBJC_LITERAL_CONVERSION = YES;
				CLANG_WARN_OBJC_ROOT_CLASS = YES_ERROR;
				CLANG_WARN_RANGE_LOOP_ANALYSIS = YES;
				CLANG_WARN_STRICT_PROTOTYPES = YES;
				CLANG_WARN_SUSPICIOUS_MOVE = YES;
				CLANG_WARN_UNGUARDED_AVAILABILITY = YES_AGGRESSIVE;
				CLANG_WARN_UNREACHABLE_CODE = YES;
				CLANG_WARN__DUPLICATE_METHOD_MATCH = YES;
				CODE_SIGN_IDENTITY = "iPhone Developer";
				COPY_PHASE_STRIP = NO;
				DEBUG_INFORMATION_FORMAT = "dwarf-with-dsym";
				ENABLE_NS_ASSERTIONS = NO;
				ENABLE_STRICT_OBJC_MSGSEND = YES;
				GCC_C_LANGUAGE_STANDARD = gnu11;
				GCC_NO_COMMON_BLOCKS = YES;
				GCC_WARN_64_TO_32_BIT_CONVERSION = YES;
				GCC_WARN_ABOUT_RETURN_TYPE = YES_ERROR;
				GCC_WARN_UNDECLARED_SELECTOR = YES;
				GCC_WARN_UNINITIALIZED_AUTOS = YES_AGGRESSIVE;
				GCC_WARN_UNUSED_FUNCTION = YES;
				GCC_WARN_UNUSED_VARIABLE = YES;
				IPHONEOS_DEPLOYMENT_TARGET = 12.1;
				MTL_ENABLE_DEBUG_INFO = NO;
				MTL_FAST_MATH = YES;
				SDKROOT = iphoneos;
				SWIFT_COMPILATION_MODE = wholemodule;
				SWIFT_OPTIMIZATION_LEVEL = "-O";
				VALIDATE_PRODUCT = YES;
			};
			name = Release;
		};
		F7952F612197E18800EF5A6B /* Debug */ = {
			isa = XCBuildConfiguration;
			buildSettings = {
				ASSETCATALOG_COMPILER_APPICON_NAME = AppIcon;
				CODE_SIGN_STYLE = Automatic;
				INFOPLIST_FILE = Toy2/Info.plist;
				LD_RUNPATH_SEARCH_PATHS = (
					"$(inherited)",
					"@executable_path/Frameworks",
				);
				PRODUCT_BUNDLE_IDENTIFIER = Potat;
				PRODUCT_NAME = "$(TARGET_NAME)";
				SWIFT_VERSION = 4.2;
				TARGETED_DEVICE_FAMILY = "1,2";
			};
			name = Debug;
		};
		F7952F622197E18800EF5A6B /* Release */ = {
			isa = XCBuildConfiguration;
			buildSettings = {
				ASSETCATALOG_COMPILER_APPICON_NAME = AppIcon;
				CODE_SIGN_STYLE = Automatic;
				INFOPLIST_FILE = Toy2/Info.plist;
				LD_RUNPATH_SEARCH_PATHS = (
					"$(inherited)",
					"@executable_path/Frameworks",
				);
				PRODUCT_BUNDLE_IDENTIFIER = Potat;
				PRODUCT_NAME = "$(TARGET_NAME)";
				SWIFT_VERSION = 4.2;
				TARGETED_DEVICE_FAMILY = "1,2";
			};
			name = Release;
		};
		F7952F642197E18800EF5A6B /* Debug */ = {
			isa = XCBuildConfiguration;
			buildSettings = {
				ALWAYS_EMBED_SWIFT_STANDARD_LIBRARIES = YES;
				BUNDLE_LOADER = "$(TEST_HOST)";
				CODE_SIGN_STYLE = Automatic;
				INFOPLIST_FILE = Toy2Tests/Info.plist;
				LD_RUNPATH_SEARCH_PATHS = (
					"$(inherited)",
					"@executable_path/Frameworks",
					"@loader_path/Frameworks",
				);
				PRODUCT_BUNDLE_IDENTIFIER = appdev.Toy2Tests;
				PRODUCT_NAME = "$(TARGET_NAME)";
				SWIFT_VERSION = 4.2;
				TARGETED_DEVICE_FAMILY = "1,2";
				TEST_HOST = "$(BUILT_PRODUCTS_DIR)/Toy2.app/Toy2";
			};
			name = Debug;
		};
		F7952F652197E18800EF5A6B /* Release */ = {
			isa = XCBuildConfiguration;
			buildSettings = {
				ALWAYS_EMBED_SWIFT_STANDARD_LIBRARIES = YES;
				BUNDLE_LOADER = "$(TEST_HOST)";
				CODE_SIGN_STYLE = Automatic;
				INFOPLIST_FILE = Toy2Tests/Info.plist;
				LD_RUNPATH_SEARCH_PATHS = (
					"$(inherited)",
					"@executable_path/Frameworks",
					"@loader_path/Frameworks",
				);
				PRODUCT_BUNDLE_IDENTIFIER = appdev.Toy2Tests;
				PRODUCT_NAME = "$(TARGET_NAME)";
				SWIFT_VERSION = 4.2;
				TARGETED_DEVICE_FAMILY = "1,2";
				TEST_HOST = "$(BUILT_PRODUCTS_DIR)/Toy2.app/Toy2";
			};
			name = Release;
		};
		F7952F672197E18800EF5A6B /* Debug */ = {
			isa = XCBuildConfiguration;
			buildSettings = {
				ALWAYS_EMBED_SWIFT_STANDARD_LIBRARIES = YES;
				CODE_SIGN_STYLE = Automatic;
				INFOPLIST_FILE = Toy2UITests/Info.plist;
				LD_RUNPATH_SEARCH_PATHS = (
					"$(inherited)",
					"@executable_path/Frameworks",
					"@loader_path/Frameworks",
				);
				PRODUCT_BUNDLE_IDENTIFIER = appdev.Toy2UITests;
				PRODUCT_NAME = "$(TARGET_NAME)";
				SWIFT_VERSION = 4.2;
				TARGETED_DEVICE_FAMILY = "1,2";
				TEST_TARGET_NAME = Toy2;
			};
			name = Debug;
		};
		F7952F682197E18800EF5A6B /* Release */ = {
			isa = XCBuildConfiguration;
			buildSettings = {
				ALWAYS_EMBED_SWIFT_STANDARD_LIBRARIES = YES;
				CODE_SIGN_STYLE = Automatic;
				INFOPLIST_FILE = Toy2UITests/Info.plist;
				LD_RUNPATH_SEARCH_PATHS = (
					"$(inherited)",
					"@executable_path/Frameworks",
					"@loader_path/Frameworks",
				);
				PRODUCT_BUNDLE_IDENTIFIER = appdev.Toy2UITests;
				PRODUCT_NAME = "$(TARGET_NAME)";
				SWIFT_VERSION = 4.2;
				TARGETED_DEVICE_FAMILY = "1,2";
				TEST_TARGET_NAME = Toy2;
			};
			name = Release;
		};
/* End XCBuildConfiguration section */

/* Begin XCConfigurationList section */
		F7952F332197E18500EF5A6B /* Build configuration list for PBXProject "Toy2" */ = {
			isa = XCConfigurationList;
			buildConfigurations = (
				F7952F5E2197E18800EF5A6B /* Debug */,
				F7952F5F2197E18800EF5A6B /* Release */,
			);
			defaultConfigurationIsVisible = 0;
			defaultConfigurationName = Release;
		};
		F7952F602197E18800EF5A6B /* Build configuration list for PBXNativeTarget "Toy2" */ = {
			isa = XCConfigurationList;
			buildConfigurations = (
				F7952F612197E18800EF5A6B /* Debug */,
				F7952F622197E18800EF5A6B /* Release */,
			);
			defaultConfigurationIsVisible = 0;
			defaultConfigurationName = Release;
		};
		F7952F632197E18800EF5A6B /* Build configuration list for PBXNativeTarget "Toy2Tests" */ = {
			isa = XCConfigurationList;
			buildConfigurations = (
				F7952F642197E18800EF5A6B /* Debug */,
				F7952F652197E18800EF5A6B /* Release */,
			);
			defaultConfigurationIsVisible = 0;
			defaultConfigurationName = Release;
		};
		F7952F662197E18800EF5A6B /* Build configuration list for PBXNativeTarget "Toy2UITests" */ = {
			isa = XCConfigurationList;
			buildConfigurations = (
				F7952F672197E18800EF5A6B /* Debug */,
				F7952F682197E18800EF5A6B /* Release */,
			);
			defaultConfigurationIsVisible = 0;
			defaultConfigurationName = Release;
		};
/* End XCConfigurationList section */
	};
	rootObject = F7952F302197E18500EF5A6B /* Project object */;
}
